
Microsoft Visual Studio Solution File, Format Version 12.00
# Visual Studio 14
VisualStudioVersion = 14.0.23107.0
MinimumVisualStudioVersion = 10.0.40219.1
Project("{FAE04EC0-301F-11D3-BF4B-00C04F79EFBC}") = "Wheelmap", "Wheelmap-Windows\Wheelmap.csproj", "{79F38801-AD5C-4211-9FF7-F4DE6F72ADA2}"
EndProject
Project("{FAE04EC0-301F-11D3-BF4B-00C04F79EFBC}") = "Wheelmap.Shared", "Wheelmap.Shared\Wheelmap.Shared.csproj", "{F65AA8C3-AD6C-4EA3-A9FD-0F59424BE621}"
EndProject
Project("{FAE04EC0-301F-11D3-BF4B-00C04F79EFBC}") = "Wheelmap.VoiceCommandService", "Wheelmap.VoiceCommandService\Wheelmap.VoiceCommandService.csproj", "{EC7DBD76-99BD-412E-8FE7-3F786D34024E}"
EndProject
Global
	GlobalSection(SolutionConfigurationPlatforms) = preSolution
		Alpha|Any CPU = Alpha|Any CPU
		Alpha|ARM = Alpha|ARM
		Alpha|x64 = Alpha|x64
		Alpha|x86 = Alpha|x86
		Beta|Any CPU = Beta|Any CPU
		Beta|ARM = Beta|ARM
		Beta|x64 = Beta|x64
		Beta|x86 = Beta|x86
		Debug|Any CPU = Debug|Any CPU
		Debug|ARM = Debug|ARM
		Debug|x64 = Debug|x64
		Debug|x86 = Debug|x86
		Release|Any CPU = Release|Any CPU
		Release|ARM = Release|ARM
		Release|x64 = Release|x64
		Release|x86 = Release|x86
	EndGlobalSection
	GlobalSection(ProjectConfigurationPlatforms) = postSolution
		{79F38801-AD5C-4211-9FF7-F4DE6F72ADA2}.Alpha|Any CPU.ActiveCfg = Alpha|x86
		{79F38801-AD5C-4211-9FF7-F4DE6F72ADA2}.Alpha|ARM.ActiveCfg = Alpha|ARM
		{79F38801-AD5C-4211-9FF7-F4DE6F72ADA2}.Alpha|ARM.Build.0 = Alpha|ARM
		{79F38801-AD5C-4211-9FF7-F4DE6F72ADA2}.Alpha|ARM.Deploy.0 = Alpha|ARM
		{79F38801-AD5C-4211-9FF7-F4DE6F72ADA2}.Alpha|x64.ActiveCfg = Alpha|x64
		{79F38801-AD5C-4211-9FF7-F4DE6F72ADA2}.Alpha|x64.Build.0 = Alpha|x64
		{79F38801-AD5C-4211-9FF7-F4DE6F72ADA2}.Alpha|x64.Deploy.0 = Alpha|x64
		{79F38801-AD5C-4211-9FF7-F4DE6F72ADA2}.Alpha|x86.ActiveCfg = Alpha|x86
		{79F38801-AD5C-4211-9FF7-F4DE6F72ADA2}.Alpha|x86.Build.0 = Alpha|x86
		{79F38801-AD5C-4211-9FF7-F4DE6F72ADA2}.Alpha|x86.Deploy.0 = Alpha|x86
		{79F38801-AD5C-4211-9FF7-F4DE6F72ADA2}.Beta|Any CPU.ActiveCfg = Beta|x86
		{79F38801-AD5C-4211-9FF7-F4DE6F72ADA2}.Beta|ARM.ActiveCfg = Beta|ARM
		{79F38801-AD5C-4211-9FF7-F4DE6F72ADA2}.Beta|ARM.Build.0 = Beta|ARM
		{79F38801-AD5C-4211-9FF7-F4DE6F72ADA2}.Beta|ARM.Deploy.0 = Beta|ARM
		{79F38801-AD5C-4211-9FF7-F4DE6F72ADA2}.Beta|x64.ActiveCfg = Beta|x64
		{79F38801-AD5C-4211-9FF7-F4DE6F72ADA2}.Beta|x64.Build.0 = Beta|x64
		{79F38801-AD5C-4211-9FF7-F4DE6F72ADA2}.Beta|x64.Deploy.0 = Beta|x64
		{79F38801-AD5C-4211-9FF7-F4DE6F72ADA2}.Beta|x86.ActiveCfg = Beta|x86
		{79F38801-AD5C-4211-9FF7-F4DE6F72ADA2}.Beta|x86.Build.0 = Beta|x86
		{79F38801-AD5C-4211-9FF7-F4DE6F72ADA2}.Beta|x86.Deploy.0 = Beta|x86
		{79F38801-AD5C-4211-9FF7-F4DE6F72ADA2}.Debug|Any CPU.ActiveCfg = Debug|x86
		{79F38801-AD5C-4211-9FF7-F4DE6F72ADA2}.Debug|ARM.ActiveCfg = Debug|ARM
		{79F38801-AD5C-4211-9FF7-F4DE6F72ADA2}.Debug|ARM.Build.0 = Debug|ARM
		{79F38801-AD5C-4211-9FF7-F4DE6F72ADA2}.Debug|ARM.Deploy.0 = Debug|ARM
		{79F38801-AD5C-4211-9FF7-F4DE6F72ADA2}.Debug|x64.ActiveCfg = Debug|x64
		{79F38801-AD5C-4211-9FF7-F4DE6F72ADA2}.Debug|x64.Build.0 = Debug|x64
		{79F38801-AD5C-4211-9FF7-F4DE6F72ADA2}.Debug|x64.Deploy.0 = Debug|x64
		{79F38801-AD5C-4211-9FF7-F4DE6F72ADA2}.Debug|x86.ActiveCfg = Debug|x86
		{79F38801-AD5C-4211-9FF7-F4DE6F72ADA2}.Debug|x86.Build.0 = Debug|x86
		{79F38801-AD5C-4211-9FF7-F4DE6F72ADA2}.Debug|x86.Deploy.0 = Debug|x86
		{79F38801-AD5C-4211-9FF7-F4DE6F72ADA2}.Release|Any CPU.ActiveCfg = Release|x86
		{79F38801-AD5C-4211-9FF7-F4DE6F72ADA2}.Release|ARM.ActiveCfg = Release|ARM
		{79F38801-AD5C-4211-9FF7-F4DE6F72ADA2}.Release|ARM.Build.0 = Release|ARM
		{79F38801-AD5C-4211-9FF7-F4DE6F72ADA2}.Release|ARM.Deploy.0 = Release|ARM
		{79F38801-AD5C-4211-9FF7-F4DE6F72ADA2}.Release|x64.ActiveCfg = Release|x64
		{79F38801-AD5C-4211-9FF7-F4DE6F72ADA2}.Release|x64.Build.0 = Release|x64
		{79F38801-AD5C-4211-9FF7-F4DE6F72ADA2}.Release|x64.Deploy.0 = Release|x64
		{79F38801-AD5C-4211-9FF7-F4DE6F72ADA2}.Release|x86.ActiveCfg = Release|x86
		{79F38801-AD5C-4211-9FF7-F4DE6F72ADA2}.Release|x86.Build.0 = Release|x86
		{79F38801-AD5C-4211-9FF7-F4DE6F72ADA2}.Release|x86.Deploy.0 = Release|x86
		{F65AA8C3-AD6C-4EA3-A9FD-0F59424BE621}.Alpha|Any CPU.ActiveCfg = Release|Any CPU
		{F65AA8C3-AD6C-4EA3-A9FD-0F59424BE621}.Alpha|Any CPU.Build.0 = Release|Any CPU
		{F65AA8C3-AD6C-4EA3-A9FD-0F59424BE621}.Alpha|ARM.ActiveCfg = Release|ARM
		{F65AA8C3-AD6C-4EA3-A9FD-0F59424BE621}.Alpha|ARM.Build.0 = Release|ARM
		{F65AA8C3-AD6C-4EA3-A9FD-0F59424BE621}.Alpha|x64.ActiveCfg = Release|x64
		{F65AA8C3-AD6C-4EA3-A9FD-0F59424BE621}.Alpha|x64.Build.0 = Release|x64
		{F65AA8C3-AD6C-4EA3-A9FD-0F59424BE621}.Alpha|x86.ActiveCfg = Release|x86
		{F65AA8C3-AD6C-4EA3-A9FD-0F59424BE621}.Alpha|x86.Build.0 = Release|x86
		{F65AA8C3-AD6C-4EA3-A9FD-0F59424BE621}.Beta|Any CPU.ActiveCfg = Release|Any CPU
		{F65AA8C3-AD6C-4EA3-A9FD-0F59424BE621}.Beta|Any CPU.Build.0 = Release|Any CPU
		{F65AA8C3-AD6C-4EA3-A9FD-0F59424BE621}.Beta|ARM.ActiveCfg = Release|ARM
		{F65AA8C3-AD6C-4EA3-A9FD-0F59424BE621}.Beta|ARM.Build.0 = Release|ARM
		{F65AA8C3-AD6C-4EA3-A9FD-0F59424BE621}.Beta|x64.ActiveCfg = Release|x64
		{F65AA8C3-AD6C-4EA3-A9FD-0F59424BE621}.Beta|x64.Build.0 = Release|x64
		{F65AA8C3-AD6C-4EA3-A9FD-0F59424BE621}.Beta|x86.ActiveCfg = Release|x86
		{F65AA8C3-AD6C-4EA3-A9FD-0F59424BE621}.Beta|x86.Build.0 = Release|x86
		{F65AA8C3-AD6C-4EA3-A9FD-0F59424BE621}.Debug|Any CPU.ActiveCfg = Debug|Any CPU
		{F65AA8C3-AD6C-4EA3-A9FD-0F59424BE621}.Debug|Any CPU.Build.0 = Debug|Any CPU
		{F65AA8C3-AD6C-4EA3-A9FD-0F59424BE621}.Debug|ARM.ActiveCfg = Debug|ARM
		{F65AA8C3-AD6C-4EA3-A9FD-0F59424BE621}.Debug|ARM.Build.0 = Debug|ARM
		{F65AA8C3-AD6C-4EA3-A9FD-0F59424BE621}.Debug|x64.ActiveCfg = Debug|x64
		{F65AA8C3-AD6C-4EA3-A9FD-0F59424BE621}.Debug|x64.Build.0 = Debug|x64
		{F65AA8C3-AD6C-4EA3-A9FD-0F59424BE621}.Debug|x86.ActiveCfg = Debug|x86
		{F65AA8C3-AD6C-4EA3-A9FD-0F59424BE621}.Debug|x86.Build.0 = Debug|x86
		{F65AA8C3-AD6C-4EA3-A9FD-0F59424BE621}.Release|Any CPU.ActiveCfg = Release|Any CPU
		{F65AA8C3-AD6C-4EA3-A9FD-0F59424BE621}.Release|Any CPU.Build.0 = Release|Any CPU
		{F65AA8C3-AD6C-4EA3-A9FD-0F59424BE621}.Release|ARM.ActiveCfg = Release|ARM
		{F65AA8C3-AD6C-4EA3-A9FD-0F59424BE621}.Release|ARM.Build.0 = Release|ARM
		{F65AA8C3-AD6C-4EA3-A9FD-0F59424BE621}.Release|x64.ActiveCfg = Release|x64
		{F65AA8C3-AD6C-4EA3-A9FD-0F59424BE621}.Release|x64.Build.0 = Release|x64
		{F65AA8C3-AD6C-4EA3-A9FD-0F59424BE621}.Release|x86.ActiveCfg = Release|x86
		{F65AA8C3-AD6C-4EA3-A9FD-0F59424BE621}.Release|x86.Build.0 = Release|x86
		{EC7DBD76-99BD-412E-8FE7-3F786D34024E}.Alpha|Any CPU.ActiveCfg = Release|Any CPU
		{EC7DBD76-99BD-412E-8FE7-3F786D34024E}.Alpha|Any CPU.Build.0 = Release|Any CPU
		{EC7DBD76-99BD-412E-8FE7-3F786D34024E}.Alpha|ARM.ActiveCfg = Release|ARM
		{EC7DBD76-99BD-412E-8FE7-3F786D34024E}.Alpha|ARM.Build.0 = Release|ARM
		{EC7DBD76-99BD-412E-8FE7-3F786D34024E}.Alpha|x64.ActiveCfg = Release|x64
		{EC7DBD76-99BD-412E-8FE7-3F786D34024E}.Alpha|x64.Build.0 = Release|x64
		{EC7DBD76-99BD-412E-8FE7-3F786D34024E}.Alpha|x86.ActiveCfg = Release|x86
		{EC7DBD76-99BD-412E-8FE7-3F786D34024E}.Alpha|x86.Build.0 = Release|x86
		{EC7DBD76-99BD-412E-8FE7-3F786D34024E}.Beta|Any CPU.ActiveCfg = Release|Any CPU
		{EC7DBD76-99BD-412E-8FE7-3F786D34024E}.Beta|Any CPU.Build.0 = Release|Any CPU
		{EC7DBD76-99BD-412E-8FE7-3F786D34024E}.Beta|ARM.ActiveCfg = Release|ARM
		{EC7DBD76-99BD-412E-8FE7-3F786D34024E}.Beta|ARM.Build.0 = Release|ARM
		{EC7DBD76-99BD-412E-8FE7-3F786D34024E}.Beta|x64.ActiveCfg = Release|x64
		{EC7DBD76-99BD-412E-8FE7-3F786D34024E}.Beta|x64.Build.0 = Release|x64
		{EC7DBD76-99BD-412E-8FE7-3F786D34024E}.Beta|x86.ActiveCfg = Release|x86
		{EC7DBD76-99BD-412E-8FE7-3F786D34024E}.Beta|x86.Build.0 = Release|x86
		{EC7DBD76-99BD-412E-8FE7-3F786D34024E}.Debug|Any CPU.ActiveCfg = Debug|Any CPU
		{EC7DBD76-99BD-412E-8FE7-3F786D34024E}.Debug|Any CPU.Build.0 = Debug|Any CPU
		{EC7DBD76-99BD-412E-8FE7-3F786D34024E}.Debug|ARM.ActiveCfg = Debug|ARM
		{EC7DBD76-99BD-412E-8FE7-3F786D34024E}.Debug|ARM.Build.0 = Debug|ARM
		{EC7DBD76-99BD-412E-8FE7-3F786D34024E}.Debug|x64.ActiveCfg = Debug|x64
		{EC7DBD76-99BD-412E-8FE7-3F786D34024E}.Debug|x64.Build.0 = Debug|x64
		{EC7DBD76-99BD-412E-8FE7-3F786D34024E}.Debug|x86.ActiveCfg = Debug|x86
		{EC7DBD76-99BD-412E-8FE7-3F786D34024E}.Debug|x86.Build.0 = Debug|x86
		{EC7DBD76-99BD-412E-8FE7-3F786D34024E}.Release|Any CPU.ActiveCfg = Release|Any CPU
		{EC7DBD76-99BD-412E-8FE7-3F786D34024E}.Release|Any CPU.Build.0 = Release|Any CPU
		{EC7DBD76-99BD-412E-8FE7-3F786D34024E}.Release|ARM.ActiveCfg = Release|ARM
		{EC7DBD76-99BD-412E-8FE7-3F786D34024E}.Release|ARM.Build.0 = Release|ARM
		{EC7DBD76-99BD-412E-8FE7-3F786D34024E}.Release|x64.ActiveCfg = Release|x64
		{EC7DBD76-99BD-412E-8FE7-3F786D34024E}.Release|x64.Build.0 = Release|x64
		{EC7DBD76-99BD-412E-8FE7-3F786D34024E}.Release|x86.ActiveCfg = Release|x86
		{EC7DBD76-99BD-412E-8FE7-3F786D34024E}.Release|x86.Build.0 = Release|x86
	EndGlobalSection
	GlobalSection(SolutionProperties) = preSolution
		HideSolutionNode = FALSE
	EndGlobalSection
EndGlobal
